# This file is generated by running "yarn install" inside your project.
# Manual changes might be lost - proceed with caution!

__metadata:
  version: 5
  cacheKey: 8

"axios@npm:^0.24.0":
  version: 0.24.0
  resolution: "axios@npm:0.24.0"
  dependencies:
    follow-redirects: ^1.14.4
  checksum: 468cf496c08a6aadfb7e699bebdac02851e3043d4e7d282350804ea8900e30d368daa6e3cd4ab83b8ddb5a3b1e17a5a21ada13fc9cebd27b74828f47a4236316
  languageName: node
  linkType: hard

"boolbase@npm:^1.0.0":
  version: 1.0.0
  resolution: "boolbase@npm:1.0.0"
  checksum: 3e25c80ef626c3a3487c73dbfc70ac322ec830666c9ad915d11b701142fab25ec1e63eff2c450c74347acfd2de854ccde865cd79ef4db1683f7c7b046ea43bb0
  languageName: node
  linkType: hard

"cheerio-select@npm:^1.5.0":
  version: 1.5.0
  resolution: "cheerio-select@npm:1.5.0"
  dependencies:
    css-select: ^4.1.3
    css-what: ^5.0.1
    domelementtype: ^2.2.0
    domhandler: ^4.2.0
    domutils: ^2.7.0
  checksum: d4506d8b9ad330a18f9de3a5a22138d0804063e92aac2fc020384cc52ab86d2194d2ae614fc87f0e2a62b6a6dd0c28ad23669cec64331172a9f99ad604863010
  languageName: node
  linkType: hard

"cheerio@npm:^1.0.0-rc.10":
  version: 1.0.0-rc.10
  resolution: "cheerio@npm:1.0.0-rc.10"
  dependencies:
    cheerio-select: ^1.5.0
    dom-serializer: ^1.3.2
    domhandler: ^4.2.0
    htmlparser2: ^6.1.0
    parse5: ^6.0.1
    parse5-htmlparser2-tree-adapter: ^6.0.1
    tslib: ^2.2.0
  checksum: ace2f9c5809737534b1320d11d48762013694fa905b4deacac81a634edac178c1b0534f79d7b1896a88ce489db6cb539f222317996b21c8b6923ce413dcc1a2f
  languageName: node
  linkType: hard

"css-select@npm:^4.1.3":
  version: 4.1.3
  resolution: "css-select@npm:4.1.3"
  dependencies:
    boolbase: ^1.0.0
    css-what: ^5.0.0
    domhandler: ^4.2.0
    domutils: ^2.6.0
    nth-check: ^2.0.0
  checksum: 40928f1aa6c71faf36430e7f26bcbb8ab51d07b98b754caacb71906400a195df5e6c7020a94f2982f02e52027b9bd57c99419220cf7020968c3415f14e4be5f8
  languageName: node
  linkType: hard

"css-what@npm:^5.0.0, css-what@npm:^5.0.1":
  version: 5.1.0
  resolution: "css-what@npm:5.1.0"
  checksum: 0b75d1bac95c885c168573c85744a6c6843d8c33345f54f717218b37ea6296b0e99bb12105930ea170fd4a921990392a7c790c16c585c1d8960c49e2b7ec39f7
  languageName: node
  linkType: hard

"dom-serializer@npm:^1.0.1, dom-serializer@npm:^1.3.2":
  version: 1.3.2
  resolution: "dom-serializer@npm:1.3.2"
  dependencies:
    domelementtype: ^2.0.1
    domhandler: ^4.2.0
    entities: ^2.0.0
  checksum: bff48714944d67b160db71ba244fb0f3fe72e77ef2ec8414e2eeb56f2d926e404a13456b8b83a5392e217ba47dec2ec0c368801b31481813e94d185276c3e964
  languageName: node
  linkType: hard

"domelementtype@npm:^2.0.1, domelementtype@npm:^2.2.0":
  version: 2.2.0
  resolution: "domelementtype@npm:2.2.0"
  checksum: 24cb386198640cd58aa36f8c987f2ea61859929106d06ffcc8f547e70cb2ed82a6dc56dcb8252b21fba1f1ea07df6e4356d60bfe57f77114ca1aed6828362629
  languageName: node
  linkType: hard

"domhandler@npm:^4.0.0, domhandler@npm:^4.2.0":
  version: 4.2.2
  resolution: "domhandler@npm:4.2.2"
  dependencies:
    domelementtype: ^2.2.0
  checksum: ad782fef984eca5a6fdd4ce70b90c38aff335ae4d6a51223ac82bd371b6674614efdcfff2dbb1126a7395634357906781f179e4ec028c7c578bb7f2beef8a4a5
  languageName: node
  linkType: hard

"domutils@npm:^2.5.2, domutils@npm:^2.6.0, domutils@npm:^2.7.0":
  version: 2.8.0
  resolution: "domutils@npm:2.8.0"
  dependencies:
    dom-serializer: ^1.0.1
    domelementtype: ^2.2.0
    domhandler: ^4.2.0
  checksum: abf7434315283e9aadc2a24bac0e00eab07ae4313b40cc239f89d84d7315ebdfd2fb1b5bf750a96bc1b4403d7237c7b2ebf60459be394d625ead4ca89b934391
  languageName: node
  linkType: hard

"entities@npm:^2.0.0":
  version: 2.2.0
  resolution: "entities@npm:2.2.0"
  checksum: 19010dacaf0912c895ea262b4f6128574f9ccf8d4b3b65c7e8334ad0079b3706376360e28d8843ff50a78aabcb8f08f0a32dbfacdc77e47ed77ca08b713669b3
  languageName: node
  linkType: hard

"follow-redirects@npm:^1.14.4":
  version: 1.14.5
  resolution: "follow-redirects@npm:1.14.5"
  peerDependenciesMeta:
    debug:
      optional: true
  checksum: f004a76b2ee3a849772c2816e30928253bf47537b0f00184d89f4966413add96a228a4d96ca8c702bc045a683c52c2ba41545c915cc1a5e33bf8fd9d07b59aee
  languageName: node
  linkType: hard

"gist2mail@workspace:.":
  version: 0.0.0-use.local
  resolution: "gist2mail@workspace:."
  dependencies:
    axios: ^0.24.0
    cheerio: ^1.0.0-rc.10
    nodemailer: ^6.7.0
  languageName: unknown
  linkType: soft

"htmlparser2@npm:^6.1.0":
  version: 6.1.0
  resolution: "htmlparser2@npm:6.1.0"
  dependencies:
    domelementtype: ^2.0.1
    domhandler: ^4.0.0
    domutils: ^2.5.2
    entities: ^2.0.0
  checksum: 81a7b3d9c3bb9acb568a02fc9b1b81ffbfa55eae7f1c41ae0bf840006d1dbf54cb3aa245b2553e2c94db674840a9f0fdad7027c9a9d01a062065314039058c4e
  languageName: node
  linkType: hard

"nodemailer@npm:^6.7.0":
  version: 6.7.0
  resolution: "nodemailer@npm:6.7.0"
  checksum: eebd6e5ac96bc77bd544eec939ef4a88dc60cbd5ef062995cb951141c41cf66db838cfbd7fe8ad2b1c8f8d23c839efb5519fa70e2be5d8e79c14b2459ebe4485
  languageName: node
  linkType: hard

"nth-check@npm:^2.0.0":
  version: 2.0.1
  resolution: "nth-check@npm:2.0.1"
  dependencies:
    boolbase: ^1.0.0
  checksum: 5386d035c48438ff304fe687704d93886397349d1bed136de97aeae464caba10e8ffac55a04b215b86b3bc8897f33e0a5aa1045a9d8b2f251ae61b2a3ad3e450
  languageName: node
  linkType: hard

"parse5-htmlparser2-tree-adapter@npm:^6.0.1":
  version: 6.0.1
  resolution: "parse5-htmlparser2-tree-adapter@npm:6.0.1"
  dependencies:
    parse5: ^6.0.1
  checksum: 1848378b355d027915645c13f13f982e60502d201f53bc2067a508bf2dba4aac08219fc781dcd160167f5f50f0c73f58d20fa4fb3d90ee46762c20234fa90a6d
  languageName: node
  linkType: hard

"parse5@npm:^6.0.1":
  version: 6.0.1
  resolution: "parse5@npm:6.0.1"
  checksum: 7d569a176c5460897f7c8f3377eff640d54132b9be51ae8a8fa4979af940830b2b0c296ce75e5bd8f4041520aadde13170dbdec44889975f906098ea0002f4bd
  languageName: node
  linkType: hard

"tslib@npm:^2.2.0":
  version: 2.3.1
  resolution: "tslib@npm:2.3.1"
  checksum: de17a98d4614481f7fcb5cd53ffc1aaf8654313be0291e1bfaee4b4bb31a20494b7d218ff2e15017883e8ea9626599b3b0e0229c18383ba9dce89da2adf15cb9
  languageName: node
  linkType: hard
